<?xml version="1.0" encoding="utf-8"?>
<Project ToolsVersion="4.0" xmlns="http://schemas.microsoft.com/developer/msbuild/2003">
  <ItemGroup>
    <None Include="ArduCAM_OSD.ino" />
    <None Include="ArduNOTES.ino" />
    <None Include="MAVLink.ino" />
    <None Include="OSD_Panels.ino" />
    <None Include="BOOT_Func.ino">
      <Filter>Misc</Filter>
    </None>
    <None Include="Font.ino">
      <Filter>Misc</Filter>
    </None>
    <None Include="OSD_Config_Func.ino">
      <Filter>Misc</Filter>
    </None>
  </ItemGroup>
  <ItemGroup>
    <ClInclude Include="__vm\.ArduCAM_OSD.vsarduino.h" />
    <ClInclude Include="Battery.h" />
    <ClInclude Include="DistanceAlert.h" />
    <ClInclude Include="ArduCam_Max7456.h">
      <Filter>Misc</Filter>
    </ClInclude>
    <ClInclude Include="OSD_Config.h">
      <Filter>Misc</Filter>
    </ClInclude>
    <ClInclude Include="Spi.h">
      <Filter>Misc</Filter>
    </ClInclude>
    <ClInclude Include="ParameterManager.h" />
    <ClInclude Include="Aircraft.h" />
    <ClInclude Include="OSD_Vars.h" />
    <ClInclude Include="GUI.h" />
    <ClInclude Include="MainPanel.h" />
    <ClInclude Include="Test.h" />
    <ClInclude Include="SettingsPanel.h" />
    <ClInclude Include="CompassCalibrationPanel.h" />
    <ClInclude Include="OSDPanel.h" />
    <ClInclude Include="ValueFilter.h" />
  </ItemGroup>
  <ItemGroup>
    <ClCompile Include="Battery.cpp" />
    <ClCompile Include="DistanceAlert.cpp" />
    <ClCompile Include="ArduCam_Max7456.cpp">
      <Filter>Misc</Filter>
    </ClCompile>
    <ClCompile Include="Spi.cpp">
      <Filter>Misc</Filter>
    </ClCompile>
    <ClCompile Include="ParameterManager.cpp" />
    <ClCompile Include="Aircraft.cpp" />
    <ClCompile Include="GUI.cpp" />
    <ClCompile Include="MainPanel.cpp" />
    <ClCompile Include="Test.cpp" />
    <ClCompile Include="SettingsPanel.cpp" />
    <ClCompile Include="CompassCalibrationPanel.cpp" />
    <ClCompile Include="OSDPanel.cpp" />
    <ClCompile Include="ValueFilter.cpp" />
  </ItemGroup>
  <ItemGroup>
    <Filter Include="Misc">
      <UniqueIdentifier>{2056d310-397f-482d-bb73-09448d1352e4}</UniqueIdentifier>
    </Filter>
  </ItemGroup>
  <ItemGroup>
    <Text Include="TODO.txt" />
  </ItemGroup>
</Project>